
Microsoft Visual Studio Solution File, Format Version 12.00
# Visual Studio Version 17
VisualStudioVersion = 17.0.32014.148
MinimumVisualStudioVersion = 10.0.40219.1
Project("{9A19103F-16F7-4668-BE54-9A1E7A4F7556}") = "SakontyFileShare", "SakontyFileShare\SakontyFileShare.csproj", "{304488D4-45DC-4289-B1C9-4188E93FD446}"
EndProject
Project("{9A19103F-16F7-4668-BE54-9A1E7A4F7556}") = "DeviceId", "DeviceId\DeviceId.csproj", "{864620B0-5882-4F31-BB51-B35621BEC82B}"
EndProject
Project("{FAE04EC0-301F-11D3-BF4B-00C04F79EFBC}") = "ConsoleTest", "ConsoleTest\ConsoleTest.csproj", "{C5C1E405-01E6-47FD-8A70-1E8399313503}"
EndProject
Global
	GlobalSection(SolutionConfigurationPlatforms) = preSolution
		Debug|Any CPU = Debug|Any CPU
		Release|Any CPU = Release|Any CPU
	EndGlobalSection
	GlobalSection(ProjectConfigurationPlatforms) = postSolution
		{304488D4-45DC-4289-B1C9-4188E93FD446}.Debug|Any CPU.ActiveCfg = Debug|Any CPU
		{304488D4-45DC-4289-B1C9-4188E93FD446}.Debug|Any CPU.Build.0 = Debug|Any CPU
		{304488D4-45DC-4289-B1C9-4188E93FD446}.Release|Any CPU.ActiveCfg = Release|Any CPU
		{304488D4-45DC-4289-B1C9-4188E93FD446}.Release|Any CPU.Build.0 = Release|Any CPU
		{864620B0-5882-4F31-BB51-B35621BEC82B}.Debug|Any CPU.ActiveCfg = Debug|Any CPU
		{864620B0-5882-4F31-BB51-B35621BEC82B}.Debug|Any CPU.Build.0 = Debug|Any CPU
		{864620B0-5882-4F31-BB51-B35621BEC82B}.Release|Any CPU.ActiveCfg = Release|Any CPU
		{864620B0-5882-4F31-BB51-B35621BEC82B}.Release|Any CPU.Build.0 = Release|Any CPU
		{C5C1E405-01E6-47FD-8A70-1E8399313503}.Debug|Any CPU.ActiveCfg = Debug|Any CPU
		{C5C1E405-01E6-47FD-8A70-1E8399313503}.Debug|Any CPU.Build.0 = Debug|Any CPU
		{C5C1E405-01E6-47FD-8A70-1E8399313503}.Release|Any CPU.ActiveCfg = Release|Any CPU
		{C5C1E405-01E6-47FD-8A70-1E8399313503}.Release|Any CPU.Build.0 = Release|Any CPU
	EndGlobalSection
	GlobalSection(SolutionProperties) = preSolution
		HideSolutionNode = FALSE
	EndGlobalSection
	GlobalSection(ExtensibilityGlobals) = postSolution
		SolutionGuid = {5664DCC0-E6B9-4D09-9B9C-55B22581044B}
	EndGlobalSection
EndGlobal
